
Microsoft Visual Studio Solution File, Format Version 12.00
# Visual Studio 15
VisualStudioVersion = 15.0.28307.136
MinimumVisualStudioVersion = 10.0.40219.1
Project("{FAE04EC0-301F-11D3-BF4B-00C04F79EFBC}") = "Day01", "Day01\Day01.csproj", "{BF5CF844-FEF7-4684-85C0-3B89E3437118}"
EndProject
Project("{FAE04EC0-301F-11D3-BF4B-00C04F79EFBC}") = "AocHelpers", "AocHelpers\AocHelpers.csproj", "{AF411CE7-EBC2-41E0-AE1F-F308F522DAC1}"
EndProject
Project("{FAE04EC0-301F-11D3-BF4B-00C04F79EFBC}") = "Day02", "Day02\Day02.csproj", "{119EC397-BD5F-4566-B278-8F5AABDBFBC0}"
EndProject
Project("{FAE04EC0-301F-11D3-BF4B-00C04F79EFBC}") = "Day03", "Day03\Day03.csproj", "{21F19670-3EC2-46DA-97CA-BD41CD10B9A9}"
EndProject
Project("{FAE04EC0-301F-11D3-BF4B-00C04F79EFBC}") = "Day04", "Day04\Day04.csproj", "{73C18BEC-D047-4488-BFCB-F52984AECC42}"
EndProject
Project("{FAE04EC0-301F-11D3-BF4B-00C04F79EFBC}") = "Day05", "Day05\Day05.csproj", "{C6BA2D89-962D-4925-9CA0-14DA165D32D3}"
EndProject
Project("{FAE04EC0-301F-11D3-BF4B-00C04F79EFBC}") = "Day06", "Day06\Day06.csproj", "{22A4BA42-91EE-4752-AD9C-5B02E4D7D4C1}"
EndProject
Project("{FAE04EC0-301F-11D3-BF4B-00C04F79EFBC}") = "Day07", "Day07\Day07.csproj", "{CC369E86-065F-48A3-8F45-880950FE5176}"
EndProject
Project("{FAE04EC0-301F-11D3-BF4B-00C04F79EFBC}") = "Day08", "Day08\Day08.csproj", "{E1747915-B625-4ADC-82F0-D4678D7E39BD}"
EndProject
Project("{FAE04EC0-301F-11D3-BF4B-00C04F79EFBC}") = "Day09", "Day09\Day09.csproj", "{298B6070-DA90-4E11-8E75-A4F066143B92}"
EndProject
Project("{FAE04EC0-301F-11D3-BF4B-00C04F79EFBC}") = "Day10", "Day10\Day10.csproj", "{416DE2A2-2237-42B2-B0A1-03D4F58FCFE3}"
EndProject
Global
	GlobalSection(SolutionConfigurationPlatforms) = preSolution
		Debug|Any CPU = Debug|Any CPU
		Release|Any CPU = Release|Any CPU
	EndGlobalSection
	GlobalSection(ProjectConfigurationPlatforms) = postSolution
		{BF5CF844-FEF7-4684-85C0-3B89E3437118}.Debug|Any CPU.ActiveCfg = Debug|Any CPU
		{BF5CF844-FEF7-4684-85C0-3B89E3437118}.Debug|Any CPU.Build.0 = Debug|Any CPU
		{BF5CF844-FEF7-4684-85C0-3B89E3437118}.Release|Any CPU.ActiveCfg = Release|Any CPU
		{BF5CF844-FEF7-4684-85C0-3B89E3437118}.Release|Any CPU.Build.0 = Release|Any CPU
		{AF411CE7-EBC2-41E0-AE1F-F308F522DAC1}.Debug|Any CPU.ActiveCfg = Debug|Any CPU
		{AF411CE7-EBC2-41E0-AE1F-F308F522DAC1}.Debug|Any CPU.Build.0 = Debug|Any CPU
		{AF411CE7-EBC2-41E0-AE1F-F308F522DAC1}.Release|Any CPU.ActiveCfg = Release|Any CPU
		{AF411CE7-EBC2-41E0-AE1F-F308F522DAC1}.Release|Any CPU.Build.0 = Release|Any CPU
		{119EC397-BD5F-4566-B278-8F5AABDBFBC0}.Debug|Any CPU.ActiveCfg = Debug|Any CPU
		{119EC397-BD5F-4566-B278-8F5AABDBFBC0}.Debug|Any CPU.Build.0 = Debug|Any CPU
		{119EC397-BD5F-4566-B278-8F5AABDBFBC0}.Release|Any CPU.ActiveCfg = Release|Any CPU
		{119EC397-BD5F-4566-B278-8F5AABDBFBC0}.Release|Any CPU.Build.0 = Release|Any CPU
		{21F19670-3EC2-46DA-97CA-BD41CD10B9A9}.Debug|Any CPU.ActiveCfg = Debug|Any CPU
		{21F19670-3EC2-46DA-97CA-BD41CD10B9A9}.Debug|Any CPU.Build.0 = Debug|Any CPU
		{21F19670-3EC2-46DA-97CA-BD41CD10B9A9}.Release|Any CPU.ActiveCfg = Release|Any CPU
		{21F19670-3EC2-46DA-97CA-BD41CD10B9A9}.Release|Any CPU.Build.0 = Release|Any CPU
		{73C18BEC-D047-4488-BFCB-F52984AECC42}.Debug|Any CPU.ActiveCfg = Debug|Any CPU
		{73C18BEC-D047-4488-BFCB-F52984AECC42}.Debug|Any CPU.Build.0 = Debug|Any CPU
		{73C18BEC-D047-4488-BFCB-F52984AECC42}.Release|Any CPU.ActiveCfg = Release|Any CPU
		{73C18BEC-D047-4488-BFCB-F52984AECC42}.Release|Any CPU.Build.0 = Release|Any CPU
		{C6BA2D89-962D-4925-9CA0-14DA165D32D3}.Debug|Any CPU.ActiveCfg = Debug|Any CPU
		{C6BA2D89-962D-4925-9CA0-14DA165D32D3}.Debug|Any CPU.Build.0 = Debug|Any CPU
		{C6BA2D89-962D-4925-9CA0-14DA165D32D3}.Release|Any CPU.ActiveCfg = Release|Any CPU
		{C6BA2D89-962D-4925-9CA0-14DA165D32D3}.Release|Any CPU.Build.0 = Release|Any CPU
		{22A4BA42-91EE-4752-AD9C-5B02E4D7D4C1}.Debug|Any CPU.ActiveCfg = Debug|Any CPU
		{22A4BA42-91EE-4752-AD9C-5B02E4D7D4C1}.Debug|Any CPU.Build.0 = Debug|Any CPU
		{22A4BA42-91EE-4752-AD9C-5B02E4D7D4C1}.Release|Any CPU.ActiveCfg = Release|Any CPU
		{22A4BA42-91EE-4752-AD9C-5B02E4D7D4C1}.Release|Any CPU.Build.0 = Release|Any CPU
		{CC369E86-065F-48A3-8F45-880950FE5176}.Debug|Any CPU.ActiveCfg = Debug|Any CPU
		{CC369E86-065F-48A3-8F45-880950FE5176}.Debug|Any CPU.Build.0 = Debug|Any CPU
		{CC369E86-065F-48A3-8F45-880950FE5176}.Release|Any CPU.ActiveCfg = Release|Any CPU
		{CC369E86-065F-48A3-8F45-880950FE5176}.Release|Any CPU.Build.0 = Release|Any CPU
		{E1747915-B625-4ADC-82F0-D4678D7E39BD}.Debug|Any CPU.ActiveCfg = Debug|Any CPU
		{E1747915-B625-4ADC-82F0-D4678D7E39BD}.Debug|Any CPU.Build.0 = Debug|Any CPU
		{E1747915-B625-4ADC-82F0-D4678D7E39BD}.Release|Any CPU.ActiveCfg = Release|Any CPU
		{E1747915-B625-4ADC-82F0-D4678D7E39BD}.Release|Any CPU.Build.0 = Release|Any CPU
		{298B6070-DA90-4E11-8E75-A4F066143B92}.Debug|Any CPU.ActiveCfg = Debug|Any CPU
		{298B6070-DA90-4E11-8E75-A4F066143B92}.Debug|Any CPU.Build.0 = Debug|Any CPU
		{298B6070-DA90-4E11-8E75-A4F066143B92}.Release|Any CPU.ActiveCfg = Release|Any CPU
		{298B6070-DA90-4E11-8E75-A4F066143B92}.Release|Any CPU.Build.0 = Release|Any CPU
		{416DE2A2-2237-42B2-B0A1-03D4F58FCFE3}.Debug|Any CPU.ActiveCfg = Debug|Any CPU
		{416DE2A2-2237-42B2-B0A1-03D4F58FCFE3}.Debug|Any CPU.Build.0 = Debug|Any CPU
		{416DE2A2-2237-42B2-B0A1-03D4F58FCFE3}.Release|Any CPU.ActiveCfg = Release|Any CPU
		{416DE2A2-2237-42B2-B0A1-03D4F58FCFE3}.Release|Any CPU.Build.0 = Release|Any CPU
	EndGlobalSection
	GlobalSection(SolutionProperties) = preSolution
		HideSolutionNode = FALSE
	EndGlobalSection
	GlobalSection(ExtensibilityGlobals) = postSolution
		SolutionGuid = {2B262C22-94A9-4BB8-BE63-79F85BCD3ECF}
	EndGlobalSection
EndGlobal
